
Microsoft Visual Studio Solution File, Format Version 12.00
# Visual Studio 2017
Project("{FAE04EC0-301F-11D3-BF4B-00C04F79EFBC}") = "Boss Chase", "Boss Chase.csproj", "{5A641B53-726F-A004-8B78-D3FAFE05A1A9}"
EndProject
Project("{FAE04EC0-301F-11D3-BF4B-00C04F79EFBC}") = "Boss Chase.Editor", "Boss Chase.Editor.csproj", "{35A25B3B-3D08-68E9-8A32-F51044820A65}"
EndProject
Global
	GlobalSection(SolutionConfigurationPlatforms) = preSolution
		Debug|Any CPU = Debug|Any CPU
		Release|Any CPU = Release|Any CPU
	EndGlobalSection
	GlobalSection(ProjectConfigurationPlatforms) = postSolution
		{5A641B53-726F-A004-8B78-D3FAFE05A1A9}.Debug|Any CPU.ActiveCfg = Debug|Any CPU
		{5A641B53-726F-A004-8B78-D3FAFE05A1A9}.Debug|Any CPU.Build.0 = Debug|Any CPU
		{5A641B53-726F-A004-8B78-D3FAFE05A1A9}.Release|Any CPU.ActiveCfg = Release|Any CPU
		{5A641B53-726F-A004-8B78-D3FAFE05A1A9}.Release|Any CPU.Build.0 = Release|Any CPU
		{35A25B3B-3D08-68E9-8A32-F51044820A65}.Debug|Any CPU.ActiveCfg = Debug|Any CPU
		{35A25B3B-3D08-68E9-8A32-F51044820A65}.Debug|Any CPU.Build.0 = Debug|Any CPU
		{35A25B3B-3D08-68E9-8A32-F51044820A65}.Release|Any CPU.ActiveCfg = Release|Any CPU
		{35A25B3B-3D08-68E9-8A32-F51044820A65}.Release|Any CPU.Build.0 = Release|Any CPU
	EndGlobalSection
	GlobalSection(SolutionProperties) = preSolution
		HideSolutionNode = FALSE
	EndGlobalSection
EndGlobal
